
Microsoft Visual Studio Solution File, Format Version 12.00
# Visual Studio Version 17
VisualStudioVersion = 17.1.32328.378
MinimumVisualStudioVersion = 10.0.40219.1
Project("{FAE04EC0-301F-11D3-BF4B-00C04F79EFBC}") = "6SigmaSoruProgrami", "6SigmaSoruProgrami\6SigmaSoruProgrami.csproj", "{606F739E-44A5-4306-9C83-E0BF20DDC4E6}"
EndProject
Global
	GlobalSection(SolutionConfigurationPlatforms) = preSolution
		Debug|Any CPU = Debug|Any CPU
		Release|Any CPU = Release|Any CPU
	EndGlobalSection
	GlobalSection(ProjectConfigurationPlatforms) = postSolution
		{606F739E-44A5-4306-9C83-E0BF20DDC4E6}.Debug|Any CPU.ActiveCfg = Debug|Any CPU
		{606F739E-44A5-4306-9C83-E0BF20DDC4E6}.Debug|Any CPU.Build.0 = Debug|Any CPU
		{606F739E-44A5-4306-9C83-E0BF20DDC4E6}.Release|Any CPU.ActiveCfg = Release|Any CPU
		{606F739E-44A5-4306-9C83-E0BF20DDC4E6}.Release|Any CPU.Build.0 = Release|Any CPU
	EndGlobalSection
	GlobalSection(SolutionProperties) = preSolution
		HideSolutionNode = FALSE
	EndGlobalSection
	GlobalSection(ExtensibilityGlobals) = postSolution
		SolutionGuid = {567D6702-4021-4B9D-8EE5-6F6EEE574CA9}
	EndGlobalSection
EndGlobal
